
Microsoft Visual Studio Solution File, Format Version 12.00
# Visual Studio Version 16
VisualStudioVersion = 16.0.29503.13
MinimumVisualStudioVersion = 10.0.40219.1
Project("{FAE04EC0-301F-11D3-BF4B-00C04F79EFBC}") = "BarCode.Android", "BarCode\BarCode.Android\BarCode.Android.csproj", "{B4FEB9EE-F132-443C-80D6-8A31B73A11C0}"
EndProject
Project("{FAE04EC0-301F-11D3-BF4B-00C04F79EFBC}") = "BarCode.iOS", "BarCode\BarCode.iOS\BarCode.iOS.csproj", "{B7519244-B5DD-44F8-9808-B5350E2F34C8}"
EndProject
Project("{FAE04EC0-301F-11D3-BF4B-00C04F79EFBC}") = "BarCode", "BarCode\BarCode\BarCode.csproj", "{72925CA2-0D95-4CBA-86E9-893F5774C0B5}"
EndProject
Global
	GlobalSection(SolutionConfigurationPlatforms) = preSolution
		Debug|Any CPU = Debug|Any CPU
		Debug|iPhone = Debug|iPhone
		Debug|iPhoneSimulator = Debug|iPhoneSimulator
		Release|Any CPU = Release|Any CPU
		Release|iPhone = Release|iPhone
		Release|iPhoneSimulator = Release|iPhoneSimulator
	EndGlobalSection
	GlobalSection(ProjectConfigurationPlatforms) = postSolution
		{B4FEB9EE-F132-443C-80D6-8A31B73A11C0}.Debug|Any CPU.ActiveCfg = Debug|Any CPU
		{B4FEB9EE-F132-443C-80D6-8A31B73A11C0}.Debug|Any CPU.Build.0 = Debug|Any CPU
		{B4FEB9EE-F132-443C-80D6-8A31B73A11C0}.Debug|Any CPU.Deploy.0 = Debug|Any CPU
		{B4FEB9EE-F132-443C-80D6-8A31B73A11C0}.Debug|iPhone.ActiveCfg = Debug|Any CPU
		{B4FEB9EE-F132-443C-80D6-8A31B73A11C0}.Debug|iPhone.Build.0 = Debug|Any CPU
		{B4FEB9EE-F132-443C-80D6-8A31B73A11C0}.Debug|iPhone.Deploy.0 = Debug|Any CPU
		{B4FEB9EE-F132-443C-80D6-8A31B73A11C0}.Debug|iPhoneSimulator.ActiveCfg = Debug|Any CPU
		{B4FEB9EE-F132-443C-80D6-8A31B73A11C0}.Debug|iPhoneSimulator.Build.0 = Debug|Any CPU
		{B4FEB9EE-F132-443C-80D6-8A31B73A11C0}.Debug|iPhoneSimulator.Deploy.0 = Debug|Any CPU
		{B4FEB9EE-F132-443C-80D6-8A31B73A11C0}.Release|Any CPU.ActiveCfg = Release|Any CPU
		{B4FEB9EE-F132-443C-80D6-8A31B73A11C0}.Release|Any CPU.Build.0 = Release|Any CPU
		{B4FEB9EE-F132-443C-80D6-8A31B73A11C0}.Release|Any CPU.Deploy.0 = Release|Any CPU
		{B4FEB9EE-F132-443C-80D6-8A31B73A11C0}.Release|iPhone.ActiveCfg = Release|Any CPU
		{B4FEB9EE-F132-443C-80D6-8A31B73A11C0}.Release|iPhone.Build.0 = Release|Any CPU
		{B4FEB9EE-F132-443C-80D6-8A31B73A11C0}.Release|iPhone.Deploy.0 = Release|Any CPU
		{B4FEB9EE-F132-443C-80D6-8A31B73A11C0}.Release|iPhoneSimulator.ActiveCfg = Release|Any CPU
		{B4FEB9EE-F132-443C-80D6-8A31B73A11C0}.Release|iPhoneSimulator.Build.0 = Release|Any CPU
		{B4FEB9EE-F132-443C-80D6-8A31B73A11C0}.Release|iPhoneSimulator.Deploy.0 = Release|Any CPU
		{B7519244-B5DD-44F8-9808-B5350E2F34C8}.Debug|Any CPU.ActiveCfg = Debug|iPhoneSimulator
		{B7519244-B5DD-44F8-9808-B5350E2F34C8}.Debug|Any CPU.Build.0 = Debug|iPhoneSimulator
		{B7519244-B5DD-44F8-9808-B5350E2F34C8}.Debug|Any CPU.Deploy.0 = Debug|iPhoneSimulator
		{B7519244-B5DD-44F8-9808-B5350E2F34C8}.Debug|iPhone.ActiveCfg = Debug|iPhone
		{B7519244-B5DD-44F8-9808-B5350E2F34C8}.Debug|iPhone.Build.0 = Debug|iPhone
		{B7519244-B5DD-44F8-9808-B5350E2F34C8}.Debug|iPhone.Deploy.0 = Debug|iPhone
		{B7519244-B5DD-44F8-9808-B5350E2F34C8}.Debug|iPhoneSimulator.ActiveCfg = Debug|iPhoneSimulator
		{B7519244-B5DD-44F8-9808-B5350E2F34C8}.Debug|iPhoneSimulator.Build.0 = Debug|iPhoneSimulator
		{B7519244-B5DD-44F8-9808-B5350E2F34C8}.Debug|iPhoneSimulator.Deploy.0 = Debug|iPhoneSimulator
		{B7519244-B5DD-44F8-9808-B5350E2F34C8}.Release|Any CPU.ActiveCfg = Release|iPhone
		{B7519244-B5DD-44F8-9808-B5350E2F34C8}.Release|Any CPU.Build.0 = Release|iPhone
		{B7519244-B5DD-44F8-9808-B5350E2F34C8}.Release|Any CPU.Deploy.0 = Release|iPhone
		{B7519244-B5DD-44F8-9808-B5350E2F34C8}.Release|iPhone.ActiveCfg = Release|iPhone
		{B7519244-B5DD-44F8-9808-B5350E2F34C8}.Release|iPhone.Build.0 = Release|iPhone
		{B7519244-B5DD-44F8-9808-B5350E2F34C8}.Release|iPhone.Deploy.0 = Release|iPhone
		{B7519244-B5DD-44F8-9808-B5350E2F34C8}.Release|iPhoneSimulator.ActiveCfg = Release|iPhoneSimulator
		{B7519244-B5DD-44F8-9808-B5350E2F34C8}.Release|iPhoneSimulator.Build.0 = Release|iPhoneSimulator
		{B7519244-B5DD-44F8-9808-B5350E2F34C8}.Release|iPhoneSimulator.Deploy.0 = Release|iPhoneSimulator
		{72925CA2-0D95-4CBA-86E9-893F5774C0B5}.Debug|Any CPU.ActiveCfg = Debug|Any CPU
		{72925CA2-0D95-4CBA-86E9-893F5774C0B5}.Debug|Any CPU.Build.0 = Debug|Any CPU
		{72925CA2-0D95-4CBA-86E9-893F5774C0B5}.Debug|Any CPU.Deploy.0 = Debug|Any CPU
		{72925CA2-0D95-4CBA-86E9-893F5774C0B5}.Debug|iPhone.ActiveCfg = Debug|Any CPU
		{72925CA2-0D95-4CBA-86E9-893F5774C0B5}.Debug|iPhone.Build.0 = Debug|Any CPU
		{72925CA2-0D95-4CBA-86E9-893F5774C0B5}.Debug|iPhone.Deploy.0 = Debug|Any CPU
		{72925CA2-0D95-4CBA-86E9-893F5774C0B5}.Debug|iPhoneSimulator.ActiveCfg = Debug|Any CPU
		{72925CA2-0D95-4CBA-86E9-893F5774C0B5}.Debug|iPhoneSimulator.Build.0 = Debug|Any CPU
		{72925CA2-0D95-4CBA-86E9-893F5774C0B5}.Debug|iPhoneSimulator.Deploy.0 = Debug|Any CPU
		{72925CA2-0D95-4CBA-86E9-893F5774C0B5}.Release|Any CPU.ActiveCfg = Release|Any CPU
		{72925CA2-0D95-4CBA-86E9-893F5774C0B5}.Release|Any CPU.Build.0 = Release|Any CPU
		{72925CA2-0D95-4CBA-86E9-893F5774C0B5}.Release|Any CPU.Deploy.0 = Release|Any CPU
		{72925CA2-0D95-4CBA-86E9-893F5774C0B5}.Release|iPhone.ActiveCfg = Release|Any CPU
		{72925CA2-0D95-4CBA-86E9-893F5774C0B5}.Release|iPhone.Build.0 = Release|Any CPU
		{72925CA2-0D95-4CBA-86E9-893F5774C0B5}.Release|iPhone.Deploy.0 = Release|Any CPU
		{72925CA2-0D95-4CBA-86E9-893F5774C0B5}.Release|iPhoneSimulator.ActiveCfg = Release|Any CPU
		{72925CA2-0D95-4CBA-86E9-893F5774C0B5}.Release|iPhoneSimulator.Build.0 = Release|Any CPU
		{72925CA2-0D95-4CBA-86E9-893F5774C0B5}.Release|iPhoneSimulator.Deploy.0 = Release|Any CPU
	EndGlobalSection
	GlobalSection(SolutionProperties) = preSolution
		HideSolutionNode = FALSE
	EndGlobalSection
	GlobalSection(ExtensibilityGlobals) = postSolution
		SolutionGuid = {3BE2761B-1687-403B-BFFB-F71C86C63951}
	EndGlobalSection
EndGlobal
